# THIS IS AN AUTOGENERATED FILE. DO NOT EDIT THIS FILE DIRECTLY.
# yarn lockfile v1


vant-weapp@^0.5.15:
  version "0.5.15"
  resolved "https://registry.npmjs.org/vant-weapp/-/vant-weapp-0.5.15.tgz#77804676d665701c37bf8b737ddf28643e62bd9b"
  integrity sha512-yB5tECjJDdXxFZtbeXJaKSnic9mi/ogHzJ9EzzYCbdIXQyNOJ4/Syyf4ohBhFcreOg/hpN1bRPNu4ukMWvGsVg==
